
Microsoft Visual Studio Solution File, Format Version 12.00
# Visual Studio 15
VisualStudioVersion = 15.0.27130.2027
MinimumVisualStudioVersion = 10.0.40219.1
Project("{FAE04EC0-301F-11D3-BF4B-00C04F79EFBC}") = "EntityTest", "EntityTest\EntityTest.csproj", "{67FCB41A-51CD-4205-80A4-25A6CCD5839A}"
EndProject
Global
	GlobalSection(SolutionConfigurationPlatforms) = preSolution
		Debug|Any CPU = Debug|Any CPU
		Release|Any CPU = Release|Any CPU
	EndGlobalSection
	GlobalSection(ProjectConfigurationPlatforms) = postSolution
		{67FCB41A-51CD-4205-80A4-25A6CCD5839A}.Debug|Any CPU.ActiveCfg = Debug|Any CPU
		{67FCB41A-51CD-4205-80A4-25A6CCD5839A}.Debug|Any CPU.Build.0 = Debug|Any CPU
		{67FCB41A-51CD-4205-80A4-25A6CCD5839A}.Release|Any CPU.ActiveCfg = Release|Any CPU
		{67FCB41A-51CD-4205-80A4-25A6CCD5839A}.Release|Any CPU.Build.0 = Release|Any CPU
	EndGlobalSection
	GlobalSection(SolutionProperties) = preSolution
		HideSolutionNode = FALSE
	EndGlobalSection
	GlobalSection(ExtensibilityGlobals) = postSolution
		SolutionGuid = {30478F8E-CEBA-4F84-850B-DDBDEE4C1182}
	EndGlobalSection
EndGlobal
